
Microsoft Visual Studio Solution File, Format Version 12.00
# Visual Studio Version 17
VisualStudioVersion = 17.3.32922.545
MinimumVisualStudioVersion = 10.0.40219.1
Project("{FAE04EC0-301F-11D3-BF4B-00C04F79EFBC}") = "FootBall.API", "FootBall.API\FootBall.API.csproj", "{1C451E4F-333E-4656-921D-BD8C68D085F2}"
EndProject
Global
	GlobalSection(SolutionConfigurationPlatforms) = preSolution
		Debug|Any CPU = Debug|Any CPU
		Release|Any CPU = Release|Any CPU
	EndGlobalSection
	GlobalSection(ProjectConfigurationPlatforms) = postSolution
		{1C451E4F-333E-4656-921D-BD8C68D085F2}.Debug|Any CPU.ActiveCfg = Debug|Any CPU
		{1C451E4F-333E-4656-921D-BD8C68D085F2}.Debug|Any CPU.Build.0 = Debug|Any CPU
		{1C451E4F-333E-4656-921D-BD8C68D085F2}.Release|Any CPU.ActiveCfg = Release|Any CPU
		{1C451E4F-333E-4656-921D-BD8C68D085F2}.Release|Any CPU.Build.0 = Release|Any CPU
	EndGlobalSection
	GlobalSection(SolutionProperties) = preSolution
		HideSolutionNode = FALSE
	EndGlobalSection
	GlobalSection(ExtensibilityGlobals) = postSolution
		SolutionGuid = {B3590700-06C2-40BC-B4CE-A7E731107A17}
	EndGlobalSection
EndGlobal
